
Microsoft Visual Studio Solution File, Format Version 12.00
# Visual Studio Version 17
VisualStudioVersion = 17.14.37111.16 d17.14
MinimumVisualStudioVersion = 10.0.40219.1
Project("{FAE04EC0-301F-11D3-BF4B-00C04F79EFBC}") = "Practica1-ISW", "Practica1-ISW.csproj", "{D252EC59-8A83-4209-8882-A3C0D036CE6A}"
EndProject
Global
	GlobalSection(SolutionConfigurationPlatforms) = preSolution
		Debug|Any CPU = Debug|Any CPU
		Release|Any CPU = Release|Any CPU
	EndGlobalSection
	GlobalSection(ProjectConfigurationPlatforms) = postSolution
		{D252EC59-8A83-4209-8882-A3C0D036CE6A}.Debug|Any CPU.ActiveCfg = Debug|Any CPU
		{D252EC59-8A83-4209-8882-A3C0D036CE6A}.Debug|Any CPU.Build.0 = Debug|Any CPU
		{D252EC59-8A83-4209-8882-A3C0D036CE6A}.Release|Any CPU.ActiveCfg = Release|Any CPU
		{D252EC59-8A83-4209-8882-A3C0D036CE6A}.Release|Any CPU.Build.0 = Release|Any CPU
	EndGlobalSection
	GlobalSection(SolutionProperties) = preSolution
		HideSolutionNode = FALSE
	EndGlobalSection
	GlobalSection(ExtensibilityGlobals) = postSolution
		SolutionGuid = {8D21EDA2-C19A-4599-9736-99F6D577A902}
	EndGlobalSection
EndGlobal
